{
  "nodes": {
    "mnw": {
      "locked": {
        "lastModified": 1771285028,
        "narHash": "sha256-mR8GDvGPu1QcI5Ft5lV2CIIh5Og7zRylts+XY3fa/K4=",
        "owner": "Gerg-L",
        "repo": "mnw",
        "rev": "6bd6ab9968c2432c78db4a91c9b1e84dd84fe6b3",
        "type": "github"
      },
      "original": {
        "owner": "Gerg-L",
        "repo": "mnw",
        "type": "github"
      }
    },
    "neovim-treesitter": {
      "flake": false,
      "locked": {
        "lastModified": 1775944160,
        "narHash": "sha256-MaferAmX8ukbVFc2gKjSXWEKRZHneqLyWzoSbBF5FFo=",
        "owner": "neovim-treesitter",
        "repo": "nvim-treesitter",
        "rev": "328722623b3394d9a563a5dafd7a90a8f1342dc5",
        "type": "github"
      },
      "original": {
        "owner": "neovim-treesitter",
        "repo": "nvim-treesitter",
        "type": "github"
      }
    },
    "nixpkgs": {
      "locked": {
        "lastModified": 1775710090,
        "narHash": "sha256-ar3rofg+awPB8QXDaFJhJ2jJhu+KqN/PRCXeyuXR76E=",
        "owner": "NixOS",
        "repo": "nixpkgs",
        "rev": "4c1018dae018162ec878d42fec712642d214fdfa",
        "type": "github"
      },
      "original": {
        "owner": "NixOS",
        "ref": "nixos-unstable",
        "repo": "nixpkgs",
        "type": "github"
      }
    },
    "root": {
      "inputs": {
        "mnw": "mnw",
        "neovim-treesitter": "neovim-treesitter",
        "nixpkgs": "nixpkgs"
      }
    }
  },
  "root": "root",
  "version": 7
}
